
Microsoft Visual Studio Solution File, Format Version 12.00
# Visual Studio 15
VisualStudioVersion = 15.0.27130.2010
MinimumVisualStudioVersion = 10.0.40219.1
Project("{9A19103F-16F7-4668-BE54-9A1E7A4F7556}") = "SUNRUSE.Prompter.Abstractions", "SUNRUSE.Prompter.Abstractions\SUNRUSE.Prompter.Abstractions.csproj", "{D3B7BAEC-997B-4C23-A743-937D3983214C}"
EndProject
Project("{2150E333-8FDC-42A3-9474-1A3956D46DE8}") = "Abstractions", "Abstractions", "{02CC73A9-71F8-4254-985F-5F4C5A6BEEDF}"
EndProject
Project("{9A19103F-16F7-4668-BE54-9A1E7A4F7556}") = "SUNRUSE.Prompter.Abstractions.Tests", "SUNRUSE.Prompter.Abstractions.Tests\SUNRUSE.Prompter.Abstractions.Tests.csproj", "{F85FFB5D-6EE5-470F-86C1-93F3A64BCA0D}"
EndProject
Project("{2150E333-8FDC-42A3-9474-1A3956D46DE8}") = "Persistence", "Persistence", "{CE97A667-5BDC-4435-B384-24648170DBD8}"
EndProject
Project("{FAE04EC0-301F-11D3-BF4B-00C04F79EFBC}") = "SUNRUSE.Prompter.Persistence.Abstractions", "SUNRUSE.Prompter.Persistence.Abstractions\SUNRUSE.Prompter.Persistence.Abstractions.csproj", "{26519196-C4E2-4410-8FC9-E3648DE4B956}"
EndProject
Project("{FAE04EC0-301F-11D3-BF4B-00C04F79EFBC}") = "SUNRUSE.Prompter.Persistence.Abstractions.Tests", "SUNRUSE.Prompter.Persistence.Abstractions.Tests\SUNRUSE.Prompter.Persistence.Abstractions.Tests.csproj", "{F0F13700-88FD-4EA9-BC80-2F8E2E163D55}"
EndProject
Project("{9A19103F-16F7-4668-BE54-9A1E7A4F7556}") = "SUNRUSE.Prompter.Persistence.Files", "SUNRUSE.Prompter.Persistence.Files\SUNRUSE.Prompter.Persistence.Files.csproj", "{50A2FAFB-21C9-4367-B4D2-599EAD1727D5}"
EndProject
Project("{9A19103F-16F7-4668-BE54-9A1E7A4F7556}") = "SUNRUSE.Prompter.Persistence.Files.Tests", "SUNRUSE.Prompter.Persistence.Files.Tests\SUNRUSE.Prompter.Persistence.Files.Tests.csproj", "{1C365800-6E99-4C73-996B-3B85386F92D2}"
EndProject
Project("{9A19103F-16F7-4668-BE54-9A1E7A4F7556}") = "SUNRUSE.Prompter.Persistence.Memory", "SUNRUSE.Prompter.Persistence.Memory\SUNRUSE.Prompter.Persistence.Memory.csproj", "{FF079EFD-64BC-4724-9E52-9654E66152B0}"
EndProject
Project("{9A19103F-16F7-4668-BE54-9A1E7A4F7556}") = "SUNRUSE.Prompter.Persistence.Memory.Tests", "SUNRUSE.Prompter.Persistence.Memory.Tests\SUNRUSE.Prompter.Persistence.Memory.Tests.csproj", "{718EE487-0791-4155-94E2-F04333B74CB6}"
EndProject
Project("{FAE04EC0-301F-11D3-BF4B-00C04F79EFBC}") = "SUNRUSE.Prompter.Persistence.Sqlite", "SUNRUSE.Prompter.Persistence.Sqlite\SUNRUSE.Prompter.Persistence.Sqlite.csproj", "{A8D33413-4D6C-4571-9917-434B2D3E590C}"
EndProject
Project("{FAE04EC0-301F-11D3-BF4B-00C04F79EFBC}") = "SUNRUSE.Prompter.Persistence.Sqlite.Tests", "SUNRUSE.Prompter.Persistence.Sqlite.Tests\SUNRUSE.Prompter.Persistence.Sqlite.Tests.csproj", "{369B94BC-5D99-4D2F-B5E6-C499F4800CE4}"
EndProject
Project("{2150E333-8FDC-42A3-9474-1A3956D46DE8}") = "Solution Items", "Solution Items", "{C62CCDC9-4AD6-4AD8-8005-26FF60986E63}"
	ProjectSection(SolutionItems) = preProject
		.gitignore = .gitignore
		.travis.yml = .travis.yml
	EndProjectSection
EndProject
Global
	GlobalSection(SolutionConfigurationPlatforms) = preSolution
		Debug|Any CPU = Debug|Any CPU
		Release|Any CPU = Release|Any CPU
	EndGlobalSection
	GlobalSection(ProjectConfigurationPlatforms) = postSolution
		{D3B7BAEC-997B-4C23-A743-937D3983214C}.Debug|Any CPU.ActiveCfg = Debug|Any CPU
		{D3B7BAEC-997B-4C23-A743-937D3983214C}.Debug|Any CPU.Build.0 = Debug|Any CPU
		{D3B7BAEC-997B-4C23-A743-937D3983214C}.Release|Any CPU.ActiveCfg = Release|Any CPU
		{D3B7BAEC-997B-4C23-A743-937D3983214C}.Release|Any CPU.Build.0 = Release|Any CPU
		{F85FFB5D-6EE5-470F-86C1-93F3A64BCA0D}.Debug|Any CPU.ActiveCfg = Debug|Any CPU
		{F85FFB5D-6EE5-470F-86C1-93F3A64BCA0D}.Debug|Any CPU.Build.0 = Debug|Any CPU
		{F85FFB5D-6EE5-470F-86C1-93F3A64BCA0D}.Release|Any CPU.ActiveCfg = Release|Any CPU
		{F85FFB5D-6EE5-470F-86C1-93F3A64BCA0D}.Release|Any CPU.Build.0 = Release|Any CPU
		{26519196-C4E2-4410-8FC9-E3648DE4B956}.Debug|Any CPU.ActiveCfg = Debug|Any CPU
		{26519196-C4E2-4410-8FC9-E3648DE4B956}.Debug|Any CPU.Build.0 = Debug|Any CPU
		{26519196-C4E2-4410-8FC9-E3648DE4B956}.Release|Any CPU.ActiveCfg = Release|Any CPU
		{26519196-C4E2-4410-8FC9-E3648DE4B956}.Release|Any CPU.Build.0 = Release|Any CPU
		{F0F13700-88FD-4EA9-BC80-2F8E2E163D55}.Debug|Any CPU.ActiveCfg = Debug|Any CPU
		{F0F13700-88FD-4EA9-BC80-2F8E2E163D55}.Debug|Any CPU.Build.0 = Debug|Any CPU
		{F0F13700-88FD-4EA9-BC80-2F8E2E163D55}.Release|Any CPU.ActiveCfg = Release|Any CPU
		{F0F13700-88FD-4EA9-BC80-2F8E2E163D55}.Release|Any CPU.Build.0 = Release|Any CPU
		{50A2FAFB-21C9-4367-B4D2-599EAD1727D5}.Debug|Any CPU.ActiveCfg = Debug|Any CPU
		{50A2FAFB-21C9-4367-B4D2-599EAD1727D5}.Debug|Any CPU.Build.0 = Debug|Any CPU
		{50A2FAFB-21C9-4367-B4D2-599EAD1727D5}.Release|Any CPU.ActiveCfg = Release|Any CPU
		{50A2FAFB-21C9-4367-B4D2-599EAD1727D5}.Release|Any CPU.Build.0 = Release|Any CPU
		{1C365800-6E99-4C73-996B-3B85386F92D2}.Debug|Any CPU.ActiveCfg = Debug|Any CPU
		{1C365800-6E99-4C73-996B-3B85386F92D2}.Debug|Any CPU.Build.0 = Debug|Any CPU
		{1C365800-6E99-4C73-996B-3B85386F92D2}.Release|Any CPU.ActiveCfg = Release|Any CPU
		{1C365800-6E99-4C73-996B-3B85386F92D2}.Release|Any CPU.Build.0 = Release|Any CPU
		{FF079EFD-64BC-4724-9E52-9654E66152B0}.Debug|Any CPU.ActiveCfg = Debug|Any CPU
		{FF079EFD-64BC-4724-9E52-9654E66152B0}.Debug|Any CPU.Build.0 = Debug|Any CPU
		{FF079EFD-64BC-4724-9E52-9654E66152B0}.Release|Any CPU.ActiveCfg = Release|Any CPU
		{FF079EFD-64BC-4724-9E52-9654E66152B0}.Release|Any CPU.Build.0 = Release|Any CPU
		{718EE487-0791-4155-94E2-F04333B74CB6}.Debug|Any CPU.ActiveCfg = Debug|Any CPU
		{718EE487-0791-4155-94E2-F04333B74CB6}.Debug|Any CPU.Build.0 = Debug|Any CPU
		{718EE487-0791-4155-94E2-F04333B74CB6}.Release|Any CPU.ActiveCfg = Release|Any CPU
		{718EE487-0791-4155-94E2-F04333B74CB6}.Release|Any CPU.Build.0 = Release|Any CPU
		{A8D33413-4D6C-4571-9917-434B2D3E590C}.Debug|Any CPU.ActiveCfg = Debug|Any CPU
		{A8D33413-4D6C-4571-9917-434B2D3E590C}.Debug|Any CPU.Build.0 = Debug|Any CPU
		{A8D33413-4D6C-4571-9917-434B2D3E590C}.Release|Any CPU.ActiveCfg = Release|Any CPU
		{A8D33413-4D6C-4571-9917-434B2D3E590C}.Release|Any CPU.Build.0 = Release|Any CPU
		{369B94BC-5D99-4D2F-B5E6-C499F4800CE4}.Debug|Any CPU.ActiveCfg = Debug|Any CPU
		{369B94BC-5D99-4D2F-B5E6-C499F4800CE4}.Debug|Any CPU.Build.0 = Debug|Any CPU
		{369B94BC-5D99-4D2F-B5E6-C499F4800CE4}.Release|Any CPU.ActiveCfg = Release|Any CPU
		{369B94BC-5D99-4D2F-B5E6-C499F4800CE4}.Release|Any CPU.Build.0 = Release|Any CPU
	EndGlobalSection
	GlobalSection(SolutionProperties) = preSolution
		HideSolutionNode = FALSE
	EndGlobalSection
	GlobalSection(NestedProjects) = preSolution
		{D3B7BAEC-997B-4C23-A743-937D3983214C} = {02CC73A9-71F8-4254-985F-5F4C5A6BEEDF}
		{F85FFB5D-6EE5-470F-86C1-93F3A64BCA0D} = {02CC73A9-71F8-4254-985F-5F4C5A6BEEDF}
		{26519196-C4E2-4410-8FC9-E3648DE4B956} = {CE97A667-5BDC-4435-B384-24648170DBD8}
		{F0F13700-88FD-4EA9-BC80-2F8E2E163D55} = {CE97A667-5BDC-4435-B384-24648170DBD8}
		{50A2FAFB-21C9-4367-B4D2-599EAD1727D5} = {CE97A667-5BDC-4435-B384-24648170DBD8}
		{1C365800-6E99-4C73-996B-3B85386F92D2} = {CE97A667-5BDC-4435-B384-24648170DBD8}
		{FF079EFD-64BC-4724-9E52-9654E66152B0} = {CE97A667-5BDC-4435-B384-24648170DBD8}
		{718EE487-0791-4155-94E2-F04333B74CB6} = {CE97A667-5BDC-4435-B384-24648170DBD8}
		{A8D33413-4D6C-4571-9917-434B2D3E590C} = {CE97A667-5BDC-4435-B384-24648170DBD8}
		{369B94BC-5D99-4D2F-B5E6-C499F4800CE4} = {CE97A667-5BDC-4435-B384-24648170DBD8}
	EndGlobalSection
	GlobalSection(ExtensibilityGlobals) = postSolution
		SolutionGuid = {750A48DA-7437-4443-BDF0-C9AA2FB0A49C}
	EndGlobalSection
EndGlobal
